
Microsoft Visual Studio Solution File, Format Version 12.00
# Visual Studio Version 16
VisualStudioVersion = 16.0.31005.135
MinimumVisualStudioVersion = 10.0.40219.1
Project("{FAE04EC0-301F-11D3-BF4B-00C04F79EFBC}") = "APItester", "APItester\APItester.csproj", "{BDCAB120-BD48-44B6-AFEC-52D7939751F1}"
EndProject
Global
	GlobalSection(SolutionConfigurationPlatforms) = preSolution
		Debug|Any CPU = Debug|Any CPU
		Release|Any CPU = Release|Any CPU
	EndGlobalSection
	GlobalSection(ProjectConfigurationPlatforms) = postSolution
		{BDCAB120-BD48-44B6-AFEC-52D7939751F1}.Debug|Any CPU.ActiveCfg = Debug|Any CPU
		{BDCAB120-BD48-44B6-AFEC-52D7939751F1}.Debug|Any CPU.Build.0 = Debug|Any CPU
		{BDCAB120-BD48-44B6-AFEC-52D7939751F1}.Debug|Any CPU.Deploy.0 = Debug|Any CPU
		{BDCAB120-BD48-44B6-AFEC-52D7939751F1}.Release|Any CPU.ActiveCfg = Release|Any CPU
		{BDCAB120-BD48-44B6-AFEC-52D7939751F1}.Release|Any CPU.Build.0 = Release|Any CPU
		{BDCAB120-BD48-44B6-AFEC-52D7939751F1}.Release|Any CPU.Deploy.0 = Release|Any CPU
	EndGlobalSection
	GlobalSection(SolutionProperties) = preSolution
		HideSolutionNode = FALSE
	EndGlobalSection
	GlobalSection(ExtensibilityGlobals) = postSolution
		SolutionGuid = {3FE363C1-585B-4C6F-A422-E85C8A26C6A8}
	EndGlobalSection
EndGlobal
